// !$*UTF8*$!
{
	archiveVersion = 1;
	classes = {
	};
	objectVersion = 50;
	objects = {

/* Begin PBXBuildFile section */
		667B5C5C21FE69AB00D17D94 /* AppDelegate.swift in Sources */ = {isa = PBXBuildFile; fileRef = 667B5C5B21FE69AB00D17D94 /* AppDelegate.swift */; };
		667B5C5E21FE69AB00D17D94 /* ViewController.swift in Sources */ = {isa = PBXBuildFile; fileRef = 667B5C5D21FE69AB00D17D94 /* ViewController.swift */; };
		667B5C6121FE69AB00D17D94 /* Main.storyboard in Resources */ = {isa = PBXBuildFile; fileRef = 667B5C5F21FE69AB00D17D94 /* Main.storyboard */; };
		667B5C6321FE69AC00D17D94 /* Assets.xcassets in Resources */ = {isa = PBXBuildFile; fileRef = 667B5C6221FE69AC00D17D94 /* Assets.xcassets */; };
		667B5C6621FE69AC00D17D94 /* LaunchScreen.storyboard in Resources */ = {isa = PBXBuildFile; fileRef = 667B5C6421FE69AC00D17D94 /* LaunchScreen.storyboard */; };
		667B5C7121FE69AC00D17D94 /* test12Tests.swift in Sources */ = {isa = PBXBuildFile; fileRef = 667B5C7021FE69AC00D17D94 /* test12Tests.swift */; };
		667B5C7C21FE69AC00D17D94 /* test12UITests.swift in Sources */ = {isa = PBXBuildFile; fileRef = 667B5C7B21FE69AC00D17D94 /* test12UITests.swift */; };
/* End PBXBuildFile section */

/* Begin PBXContainerItemProxy section */
		667B5C6D21FE69AC00D17D94 /* PBXContainerItemProxy */ = {
			isa = PBXContainerItemProxy;
			containerPortal = 667B5C5021FE69AB00D17D94 /* Project object */;
			proxyType = 1;
			remoteGlobalIDString = 667B5C5721FE69AB00D17D94;
			remoteInfo = test12;
		};
		667B5C7821FE69AC00D17D94 /* PBXContainerItemProxy */ = {
			isa = PBXContainerItemProxy;
			containerPortal = 667B5C5021FE69AB00D17D94 /* Project object */;
			proxyType = 1;
			remoteGlobalIDString = 667B5C5721FE69AB00D17D94;
			remoteInfo = test12;
		};
/* End PBXContainerItemProxy section */

/* Begin PBXFileReference section */
		667B5C5821FE69AB00D17D94 /* test12.app */ = {isa = PBXFileReference; explicitFileType = wrapper.application; includeInIndex = 0; path = test12.app; sourceTree = BUILT_PRODUCTS_DIR; };
		667B5C5B21FE69AB00D17D94 /* AppDelegate.swift */ = {isa = PBXFileReference; lastKnownFileType = sourcecode.swift; path = AppDelegate.swift; sourceTree = "<group>"; };
		667B5C5D21FE69AB00D17D94 /* ViewController.swift */ = {isa = PBXFileReference; lastKnownFileType = sourcecode.swift; path = ViewController.swift; sourceTree = "<group>"; };
		667B5C6021FE69AB00D17D94 /* Base */ = {isa = PBXFileReference; lastKnownFileType = file.storyboard; name = Base; path = Base.lproj/Main.storyboard; sourceTree = "<group>"; };
		667B5C6221FE69AC00D17D94 /* Assets.xcassets */ = {isa = PBXFileReference; lastKnownFileType = folder.assetcatalog; path = Assets.xcassets; sourceTree = "<group>"; };
		667B5C6521FE69AC00D17D94 /* Base */ = {isa = PBXFileReference; lastKnownFileType = file.storyboard; name = Base; path = Base.lproj/LaunchScreen.storyboard; sourceTree = "<group>"; };
		667B5C6721FE69AC00D17D94 /* Info.plist */ = {isa = PBXFileReference; lastKnownFileType = text.plist.xml; path = Info.plist; sourceTree = "<group>"; };
		667B5C6C21FE69AC00D17D94 /* test12Tests.xctest */ = {isa = PBXFileReference; explicitFileType = wrapper.cfbundle; includeInIndex = 0; path = test12Tests.xctest; sourceTree = BUILT_PRODUCTS_DIR; };
		667B5C7021FE69AC00D17D94 /* test12Tests.swift */ = {isa = PBXFileReference; lastKnownFileType = sourcecode.swift; path = test12Tests.swift; sourceTree = "<group>"; };
		667B5C7221FE69AC00D17D94 /* Info.plist */ = {isa = PBXFileReference; lastKnownFileType = text.plist.xml; path = Info.plist; sourceTree = "<group>"; };
		667B5C7721FE69AC00D17D94 /* test12UITests.xctest */ = {isa = PBXFileReference; explicitFileType = wrapper.cfbundle; includeInIndex = 0; path = test12UITests.xctest; sourceTree = BUILT_PRODUCTS_DIR; };
		667B5C7B21FE69AC00D17D94 /* test12UITests.swift */ = {isa = PBXFileReference; lastKnownFileType = sourcecode.swift; path = test12UITests.swift; sourceTree = "<group>"; };
		667B5C7D21FE69AC00D17D94 /* Info.plist */ = {isa = PBXFileReference; lastKnownFileType = text.plist.xml; path = Info.plist; sourceTree = "<group>"; };
/* End PBXFileReference section */

/* Begin PBXFrameworksBuildPhase section */
		667B5C5521FE69AB00D17D94 /* Frameworks */ = {
			isa = PBXFrameworksBuildPhase;
			buildActionMask = 2147483647;
			files = (
			);
			runOnlyForDeploymentPostprocessing = 0;
		};
		667B5C6921FE69AC00D17D94 /* Frameworks */ = {
			isa = PBXFrameworksBuildPhase;
			buildActionMask = 2147483647;
			files = (
			);
			runOnlyForDeploymentPostprocessing = 0;
		};
		667B5C7421FE69AC00D17D94 /* Frameworks */ = {
			isa = PBXFrameworksBuildPhase;
			buildActionMask = 2147483647;
			files = (
			);
			runOnlyForDeploymentPostprocessing = 0;
		};
/* End PBXFrameworksBuildPhase section */

/* Begin PBXGroup section */
		667B5C4F21FE69AB00D17D94 = {
			isa = PBXGroup;
			children = (
				667B5C5A21FE69AB00D17D94 /* test12 */,
				667B5C6F21FE69AC00D17D94 /* test12Tests */,
				667B5C7A21FE69AC00D17D94 /* test12UITests */,
				667B5C5921FE69AB00D17D94 /* Products */,
			);
			sourceTree = "<group>";
		};
		667B5C5921FE69AB00D17D94 /* Products */ = {
			isa = PBXGroup;
			children = (
				667B5C5821FE69AB00D17D94 /* test12.app */,
				667B5C6C21FE69AC00D17D94 /* test12Tests.xctest */,
				667B5C7721FE69AC00D17D94 /* test12UITests.xctest */,
			);
			name = Products;
			sourceTree = "<group>";
		};
		667B5C5A21FE69AB00D17D94 /* test12 */ = {
			isa = PBXGroup;
			children = (
				667B5C8921FE69C300D17D94 /* Supporting Files */,
				667B5C5D21FE69AB00D17D94 /* ViewController.swift */,
				667B5C5F21FE69AB00D17D94 /* Main.storyboard */,
				667B5C6721FE69AC00D17D94 /* Info.plist */,
			);
			path = test12;
			sourceTree = "<group>";
		};
		667B5C6F21FE69AC00D17D94 /* test12Tests */ = {
			isa = PBXGroup;
			children = (
				667B5C7021FE69AC00D17D94 /* test12Tests.swift */,
				667B5C7221FE69AC00D17D94 /* Info.plist */,
			);
			path = test12Tests;
			sourceTree = "<group>";
		};
		667B5C7A21FE69AC00D17D94 /* test12UITests */ = {
			isa = PBXGroup;
			children = (
				667B5C7B21FE69AC00D17D94 /* test12UITests.swift */,
				667B5C7D21FE69AC00D17D94 /* Info.plist */,
			);
			path = test12UITests;
			sourceTree = "<group>";
		};
		667B5C8921FE69C300D17D94 /* Supporting Files */ = {
			isa = PBXGroup;
			children = (
				667B5C5B21FE69AB00D17D94 /* AppDelegate.swift */,
				667B5C6221FE69AC00D17D94 /* Assets.xcassets */,
				667B5C6421FE69AC00D17D94 /* LaunchScreen.storyboard */,
			);
			path = "Supporting Files";
			sourceTree = "<group>";
		};
/* End PBXGroup section */

/* Begin PBXNativeTarget section */
		667B5C5721FE69AB00D17D94 /* test12 */ = {
			isa = PBXNativeTarget;
			buildConfigurationList = 667B5C8021FE69AC00D17D94 /* Build configuration list for PBXNativeTarget "test12" */;
			buildPhases = (
				667B5C5421FE69AB00D17D94 /* Sources */,
				667B5C5521FE69AB00D17D94 /* Frameworks */,
				667B5C5621FE69AB00D17D94 /* Resources */,
			);
			buildRules = (
			);
			dependencies = (
			);
			name = test12;
			productName = test12;
			productReference = 667B5C5821FE69AB00D17D94 /* test12.app */;
			productType = "com.apple.product-type.application";
		};
		667B5C6B21FE69AC00D17D94 /* test12Tests */ = {
			isa = PBXNativeTarget;
			buildConfigurationList = 667B5C8321FE69AC00D17D94 /* Build configuration list for PBXNativeTarget "test12Tests" */;
			buildPhases = (
				667B5C6821FE69AC00D17D94 /* Sources */,
				667B5C6921FE69AC00D17D94 /* Frameworks */,
				667B5C6A21FE69AC00D17D94 /* Resources */,
			);
			buildRules = (
			);
			dependencies = (
				667B5C6E21FE69AC00D17D94 /* PBXTargetDependency */,
			);
			name = test12Tests;
			productName = test12Tests;
			productReference = 667B5C6C21FE69AC00D17D94 /* test12Tests.xctest */;
			productType = "com.apple.product-type.bundle.unit-test";
		};
		667B5C7621FE69AC00D17D94 /* test12UITests */ = {
			isa = PBXNativeTarget;
			buildConfigurationList = 667B5C8621FE69AC00D17D94 /* Build configuration list for PBXNativeTarget "test12UITests" */;
			buildPhases = (
				667B5C7321FE69AC00D17D94 /* Sources */,
				667B5C7421FE69AC00D17D94 /* Frameworks */,
				667B5C7521FE69AC00D17D94 /* Resources */,
			);
			buildRules = (
			);
			dependencies = (
				667B5C7921FE69AC00D17D94 /* PBXTargetDependency */,
			);
			name = test12UITests;
			productName = test12UITests;
			productReference = 667B5C7721FE69AC00D17D94 /* test12UITests.xctest */;
			productType = "com.apple.product-type.bundle.ui-testing";
		};
/* End PBXNativeTarget section */

/* Begin PBXProject section */
		667B5C5021FE69AB00D17D94 /* Project object */ = {
			isa = PBXProject;
			attributes = {
				LastSwiftUpdateCheck = 1010;
				LastUpgradeCheck = 1010;
				ORGANIZATIONNAME = "Ahmed Shoukr";
				TargetAttributes = {
					667B5C5721FE69AB00D17D94 = {
						CreatedOnToolsVersion = 10.1;
					};
					667B5C6B21FE69AC00D17D94 = {
						CreatedOnToolsVersion = 10.1;
						TestTargetID = 667B5C5721FE69AB00D17D94;
					};
					667B5C7621FE69AC00D17D94 = {
						CreatedOnToolsVersion = 10.1;
						TestTargetID = 667B5C5721FE69AB00D17D94;
					};
				};
			};
			buildConfigurationList = 667B5C5321FE69AB00D17D94 /* Build configuration list for PBXProject "test12" */;
			compatibilityVersion = "Xcode 9.3";
			developmentRegion = en;
			hasScannedForEncodings = 0;
			knownRegions = (
				en,
				Base,
			);
			mainGroup = 667B5C4F21FE69AB00D17D94;
			productRefGroup = 667B5C5921FE69AB00D17D94 /* Products */;
			projectDirPath = "";
			projectRoot = "";
			targets = (
				667B5C5721FE69AB00D17D94 /* test12 */,
				667B5C6B21FE69AC00D17D94 /* test12Tests */,
				667B5C7621FE69AC00D17D94 /* test12UITests */,
			);
		};
/* End PBXProject section */

/* Begin PBXResourcesBuildPhase section */
		667B5C5621FE69AB00D17D94 /* Resources */ = {
			isa = PBXResourcesBuildPhase;
			buildActionMask = 2147483647;
			files = (
				667B5C6621FE69AC00D17D94 /* LaunchScreen.storyboard in Resources */,
				667B5C6321FE69AC00D17D94 /* Assets.xcassets in Resources */,
				667B5C6121FE69AB00D17D94 /* Main.storyboard in Resources */,
			);
			runOnlyForDeploymentPostprocessing = 0;
		};
		667B5C6A21FE69AC00D17D94 /* Resources */ = {
			isa = PBXResourcesBuildPhase;
			buildActionMask = 2147483647;
			files = (
			);
			runOnlyForDeploymentPostprocessing = 0;
		};
		667B5C7521FE69AC00D17D94 /* Resources */ = {
			isa = PBXResourcesBuildPhase;
			buildActionMask = 2147483647;
			files = (
			);
			runOnlyForDeploymentPostprocessing = 0;
		};
/* End PBXResourcesBuildPhase section */

/* Begin PBXSourcesBuildPhase section */
		667B5C5421FE69AB00D17D94 /* Sources */ = {
			isa = PBXSourcesBuildPhase;
			buildActionMask = 2147483647;
			files = (
				667B5C5E21FE69AB00D17D94 /* ViewController.swift in Sources */,
				667B5C5C21FE69AB00D17D94 /* AppDelegate.swift in Sources */,
			);
			runOnlyForDeploymentPostprocessing = 0;
		};
		667B5C6821FE69AC00D17D94 /* Sources */ = {
			isa = PBXSourcesBuildPhase;
			buildActionMask = 2147483647;
			files = (
				667B5C7121FE69AC00D17D94 /* test12Tests.swift in Sources */,
			);
			runOnlyForDeploymentPostprocessing = 0;
		};
		667B5C7321FE69AC00D17D94 /* Sources */ = {
			isa = PBXSourcesBuildPhase;
			buildActionMask = 2147483647;
			files = (
				667B5C7C21FE69AC00D17D94 /* test12UITests.swift in Sources */,
			);
			runOnlyForDeploymentPostprocessing = 0;
		};
/* End PBXSourcesBuildPhase section */

/* Begin PBXTargetDependency section */
		667B5C6E21FE69AC00D17D94 /* PBXTargetDependency */ = {
			isa = PBXTargetDependency;
			target = 667B5C5721FE69AB00D17D94 /* test12 */;
			targetProxy = 667B5C6D21FE69AC00D17D94 /* PBXContainerItemProxy */;
		};
		667B5C7921FE69AC00D17D94 /* PBXTargetDependency */ = {
			isa = PBXTargetDependency;
			target = 667B5C5721FE69AB00D17D94 /* test12 */;
			targetProxy = 667B5C7821FE69AC00D17D94 /* PBXContainerItemProxy */;
		};
/* End PBXTargetDependency section */

/* Begin PBXVariantGroup section */
		667B5C5F21FE69AB00D17D94 /* Main.storyboard */ = {
			isa = PBXVariantGroup;
			children = (
				667B5C6021FE69AB00D17D94 /* Base */,
			);
			name = Main.storyboard;
			sourceTree = "<group>";
		};
		667B5C6421FE69AC00D17D94 /* LaunchScreen.storyboard */ = {
			isa = PBXVariantGroup;
			children = (
				667B5C6521FE69AC00D17D94 /* Base */,
			);
			name = LaunchScreen.storyboard;
			sourceTree = "<group>";
		};
/* End PBXVariantGroup section */

/* Begin XCBuildConfiguration section */
		667B5C7E21FE69AC00D17D94 /* Debug */ = {
			isa = XCBuildConfiguration;
			buildSettings = {
				ALWAYS_SEARCH_USER_PATHS = NO;
				CLANG_ANALYZER_NONNULL = YES;
				CLANG_ANALYZER_NUMBER_OBJECT_CONVERSION = YES_AGGRESSIVE;
				CLANG_CXX_LANGUAGE_STANDARD = "gnu++14";
				CLANG_CXX_LIBRARY = "libc++";
				CLANG_ENABLE_MODULES = YES;
				CLANG_ENABLE_OBJC_ARC = YES;
				CLANG_ENABLE_OBJC_WEAK = YES;
				CLANG_WARN_BLOCK_CAPTURE_AUTORELEASING = YES;
				CLANG_WARN_BOOL_CONVERSION = YES;
				CLANG_WARN_COMMA = YES;
				CLANG_WARN_CONSTANT_CONVERSION = YES;
				CLANG_WARN_DEPRECATED_OBJC_IMPLEMENTATIONS = YES;
				CLANG_WARN_DIRECT_OBJC_ISA_USAGE = YES_ERROR;
				CLANG_WARN_DOCUMENTATION_COMMENTS = YES;
				CLANG_WARN_EMPTY_BODY = YES;
				CLANG_WARN_ENUM_CONVERSION = YES;
				CLANG_WARN_INFINITE_RECURSION = YES;
				CLANG_WARN_INT_CONVERSION = YES;
				CLANG_WARN_NON_LITERAL_NULL_CONVERSION = YES;
				CLANG_WARN_OBJC_IMPLICIT_RETAIN_SELF = YES;
				CLANG_WARN_OBJC_LITERAL_CONVERSION = YES;
				CLANG_WARN_OBJC_ROOT_CLASS = YES_ERROR;
				CLANG_WARN_RANGE_LOOP_ANALYSIS = YES;
				CLANG_WARN_STRICT_PROTOTYPES = YES;
				CLANG_WARN_SUSPICIOUS_MOVE = YES;
				CLANG_WARN_UNGUARDED_AVAILABILITY = YES_AGGRESSIVE;
				CLANG_WARN_UNREACHABLE_CODE = YES;
				CLANG_WARN__DUPLICATE_METHOD_MATCH = YES;
				CODE_SIGN_IDENTITY = "iPhone Developer";
				COPY_PHASE_STRIP = NO;
				DEBUG_INFORMATION_FORMAT = dwarf;
				ENABLE_STRICT_OBJC_MSGSEND = YES;
				ENABLE_TESTABILITY = YES;
				GCC_C_LANGUAGE_STANDARD = gnu11;
				GCC_DYNAMIC_NO_PIC = NO;
				GCC_NO_COMMON_BLOCKS = YES;
				GCC_OPTIMIZATION_LEVEL = 0;
				GCC_PREPROCESSOR_DEFINITIONS = (
					"DEBUG=1",
					"$(inherited)",
				);
				GCC_WARN_64_TO_32_BIT_CONVERSION = YES;
				GCC_WARN_ABOUT_RETURN_TYPE = YES_ERROR;
				GCC_WARN_UNDECLARED_SELECTOR = YES;
				GCC_WARN_UNINITIALIZED_AUTOS = YES_AGGRESSIVE;
				GCC_WARN_UNUSED_FUNCTION = YES;
				GCC_WARN_UNUSED_VARIABLE = YES;
				IPHONEOS_DEPLOYMENT_TARGET = 12.1;
				MTL_ENABLE_DEBUG_INFO = INCLUDE_SOURCE;
				MTL_FAST_MATH = YES;
				ONLY_ACTIVE_ARCH = YES;
				SDKROOT = iphoneos;
				SWIFT_ACTIVE_COMPILATION_CONDITIONS = DEBUG;
				SWIFT_OPTIMIZATION_LEVEL = "-Onone";
			};
			name = Debug;
		};
		667B5C7F21FE69AC00D17D94 /* Release */ = {
			isa = XCBuildConfiguration;
			buildSettings = {
				ALWAYS_SEARCH_USER_PATHS = NO;
				CLANG_ANALYZER_NONNULL = YES;
				CLANG_ANALYZER_NUMBER_OBJECT_CONVERSION = YES_AGGRESSIVE;
				CLANG_CXX_LANGUAGE_STANDARD = "gnu++14";
				CLANG_CXX_LIBRARY = "libc++";
				CLANG_ENABLE_MODULES = YES;
				CLANG_ENABLE_OBJC_ARC = YES;
				CLANG_ENABLE_OBJC_WEAK = YES;
				CLANG_WARN_BLOCK_CAPTURE_AUTORELEASING = YES;
				CLANG_WARN_BOOL_CONVERSION = YES;
				CLANG_WARN_COMMA = YES;
				CLANG_WARN_CONSTANT_CONVERSION = YES;
				CLANG_WARN_DEPRECATED_OBJC_IMPLEMENTATIONS = YES;
				CLANG_WARN_DIRECT_OBJC_ISA_USAGE = YES_ERROR;
				CLANG_WARN_DOCUMENTATION_COMMENTS = YES;
				CLANG_WARN_EMPTY_BODY = YES;
				CLANG_WARN_ENUM_CONVERSION = YES;
				CLANG_WARN_INFINITE_RECURSION = YES;
				CLANG_WARN_INT_CONVERSION = YES;
				CLANG_WARN_NON_LITERAL_NULL_CONVERSION = YES;
				CLANG_WARN_OBJC_IMPLICIT_RETAIN_SELF = YES;
				CLANG_WARN_OBJC_LITERAL_CONVERSION = YES;
				CLANG_WARN_OBJC_ROOT_CLASS = YES_ERROR;
				CLANG_WARN_RANGE_LOOP_ANALYSIS = YES;
				CLANG_WARN_STRICT_PROTOTYPES = YES;
				CLANG_WARN_SUSPICIOUS_MOVE = YES;
				CLANG_WARN_UNGUARDED_AVAILABILITY = YES_AGGRESSIVE;
				CLANG_WARN_UNREACHABLE_CODE = YES;
				CLANG_WARN__DUPLICATE_METHOD_MATCH = YES;
				CODE_SIGN_IDENTITY = "iPhone Developer";
				COPY_PHASE_STRIP = NO;
				DEBUG_INFORMATION_FORMAT = "dwarf-with-dsym";
				ENABLE_NS_ASSERTIONS = NO;
				ENABLE_STRICT_OBJC_MSGSEND = YES;
				GCC_C_LANGUAGE_STANDARD = gnu11;
				GCC_NO_COMMON_BLOCKS = YES;
				GCC_WARN_64_TO_32_BIT_CONVERSION = YES;
				GCC_WARN_ABOUT_RETURN_TYPE = YES_ERROR;
				GCC_WARN_UNDECLARED_SELECTOR = YES;
				GCC_WARN_UNINITIALIZED_AUTOS = YES_AGGRESSIVE;
				GCC_WARN_UNUSED_FUNCTION = YES;
				GCC_WARN_UNUSED_VARIABLE = YES;
				IPHONEOS_DEPLOYMENT_TARGET = 12.1;
				MTL_ENABLE_DEBUG_INFO = NO;
				MTL_FAST_MATH = YES;
				SDKROOT = iphoneos;
				SWIFT_COMPILATION_MODE = wholemodule;
				SWIFT_OPTIMIZATION_LEVEL = "-O";
				VALIDATE_PRODUCT = YES;
			};
			name = Release;
		};
		667B5C8121FE69AC00D17D94 /* Debug */ = {
			isa = XCBuildConfiguration;
			buildSettings = {
				ASSETCATALOG_COMPILER_APPICON_NAME = AppIcon;
				CODE_SIGN_STYLE = Automatic;
				DEVELOPMENT_TEAM = AP4P77QDTM;
				INFOPLIST_FILE = test12/Info.plist;
				LD_RUNPATH_SEARCH_PATHS = (
					"$(inherited)",
					"@executable_path/Frameworks",
				);
				PRODUCT_BUNDLE_IDENTIFIER = a.test12;
				PRODUCT_NAME = "$(TARGET_NAME)";
				SWIFT_VERSION = 4.2;
				TARGETED_DEVICE_FAMILY = "1,2";
			};
			name = Debug;
		};
		667B5C8221FE69AC00D17D94 /* Release */ = {
			isa = XCBuildConfiguration;
			buildSettings = {
				ASSETCATALOG_COMPILER_APPICON_NAME = AppIcon;
				CODE_SIGN_STYLE = Automatic;
				DEVELOPMENT_TEAM = AP4P77QDTM;
				INFOPLIST_FILE = test12/Info.plist;
				LD_RUNPATH_SEARCH_PATHS = (
					"$(inherited)",
					"@executable_path/Frameworks",
				);
				PRODUCT_BUNDLE_IDENTIFIER = a.test12;
				PRODUCT_NAME = "$(TARGET_NAME)";
				SWIFT_VERSION = 4.2;
				TARGETED_DEVICE_FAMILY = "1,2";
			};
			name = Release;
		};
		667B5C8421FE69AC00D17D94 /* Debug */ = {
			isa = XCBuildConfiguration;
			buildSettings = {
				ALWAYS_EMBED_SWIFT_STANDARD_LIBRARIES = YES;
				BUNDLE_LOADER = "$(TEST_HOST)";
				CODE_SIGN_STYLE = Automatic;
				DEVELOPMENT_TEAM = AP4P77QDTM;
				INFOPLIST_FILE = test12Tests/Info.plist;
				LD_RUNPATH_SEARCH_PATHS = (
					"$(inherited)",
					"@executable_path/Frameworks",
					"@loader_path/Frameworks",
				);
				PRODUCT_BUNDLE_IDENTIFIER = a.test12Tests;
				PRODUCT_NAME = "$(TARGET_NAME)";
				SWIFT_VERSION = 4.2;
				TARGETED_DEVICE_FAMILY = "1,2";
				TEST_HOST = "$(BUILT_PRODUCTS_DIR)/test12.app/test12";
			};
			name = Debug;
		};
		667B5C8521FE69AC00D17D94 /* Release */ = {
			isa = XCBuildConfiguration;
			buildSettings = {
				ALWAYS_EMBED_SWIFT_STANDARD_LIBRARIES = YES;
				BUNDLE_LOADER = "$(TEST_HOST)";
				CODE_SIGN_STYLE = Automatic;
				DEVELOPMENT_TEAM = AP4P77QDTM;
				INFOPLIST_FILE = test12Tests/Info.plist;
				LD_RUNPATH_SEARCH_PATHS = (
					"$(inherited)",
					"@executable_path/Frameworks",
					"@loader_path/Frameworks",
				);
				PRODUCT_BUNDLE_IDENTIFIER = a.test12Tests;
				PRODUCT_NAME = "$(TARGET_NAME)";
				SWIFT_VERSION = 4.2;
				TARGETED_DEVICE_FAMILY = "1,2";
				TEST_HOST = "$(BUILT_PRODUCTS_DIR)/test12.app/test12";
			};
			name = Release;
		};
		667B5C8721FE69AC00D17D94 /* Debug */ = {
			isa = XCBuildConfiguration;
			buildSettings = {
				ALWAYS_EMBED_SWIFT_STANDARD_LIBRARIES = YES;
				CODE_SIGN_STYLE = Automatic;
				DEVELOPMENT_TEAM = AP4P77QDTM;
				INFOPLIST_FILE = test12UITests/Info.plist;
				LD_RUNPATH_SEARCH_PATHS = (
					"$(inherited)",
					"@executable_path/Frameworks",
					"@loader_path/Frameworks",
				);
				PRODUCT_BUNDLE_IDENTIFIER = a.test12UITests;
				PRODUCT_NAME = "$(TARGET_NAME)";
				SWIFT_VERSION = 4.2;
				TARGETED_DEVICE_FAMILY = "1,2";
				TEST_TARGET_NAME = test12;
			};
			name = Debug;
		};
		667B5C8821FE69AC00D17D94 /* Release */ = {
			isa = XCBuildConfiguration;
			buildSettings = {
				ALWAYS_EMBED_SWIFT_STANDARD_LIBRARIES = YES;
				CODE_SIGN_STYLE = Automatic;
				DEVELOPMENT_TEAM = AP4P77QDTM;
				INFOPLIST_FILE = test12UITests/Info.plist;
				LD_RUNPATH_SEARCH_PATHS = (
					"$(inherited)",
					"@executable_path/Frameworks",
					"@loader_path/Frameworks",
				);
				PRODUCT_BUNDLE_IDENTIFIER = a.test12UITests;
				PRODUCT_NAME = "$(TARGET_NAME)";
				SWIFT_VERSION = 4.2;
				TARGETED_DEVICE_FAMILY = "1,2";
				TEST_TARGET_NAME = test12;
			};
			name = Release;
		};
/* End XCBuildConfiguration section */

/* Begin XCConfigurationList section */
		667B5C5321FE69AB00D17D94 /* Build configuration list for PBXProject "test12" */ = {
			isa = XCConfigurationList;
			buildConfigurations = (
				667B5C7E21FE69AC00D17D94 /* Debug */,
				667B5C7F21FE69AC00D17D94 /* Release */,
			);
			defaultConfigurationIsVisible = 0;
			defaultConfigurationName = Release;
		};
		667B5C8021FE69AC00D17D94 /* Build configuration list for PBXNativeTarget "test12" */ = {
			isa = XCConfigurationList;
			buildConfigurations = (
				667B5C8121FE69AC00D17D94 /* Debug */,
				667B5C8221FE69AC00D17D94 /* Release */,
			);
			defaultConfigurationIsVisible = 0;
			defaultConfigurationName = Release;
		};
		667B5C8321FE69AC00D17D94 /* Build configuration list for PBXNativeTarget "test12Tests" */ = {
			isa = XCConfigurationList;
			buildConfigurations = (
				667B5C8421FE69AC00D17D94 /* Debug */,
				667B5C8521FE69AC00D17D94 /* Release */,
			);
			defaultConfigurationIsVisible = 0;
			defaultConfigurationName = Release;
		};
		667B5C8621FE69AC00D17D94 /* Build configuration list for PBXNativeTarget "test12UITests" */ = {
			isa = XCConfigurationList;
			buildConfigurations = (
				667B5C8721FE69AC00D17D94 /* Debug */,
				667B5C8821FE69AC00D17D94 /* Release */,
			);
			defaultConfigurationIsVisible = 0;
			defaultConfigurationName = Release;
		};
/* End XCConfigurationList section */
	};
	rootObject = 667B5C5021FE69AB00D17D94 /* Project object */;
}
